
Microsoft Visual Studio Solution File, Format Version 12.00
# Visual Studio 15
VisualStudioVersion = 15.0.28010.2046
MinimumVisualStudioVersion = 10.0.40219.1
Project("{FAE04EC0-301F-11D3-BF4B-00C04F79EFBC}") = "Emp1", "Emp1\Emp1.csproj", "{DAAB6E4E-EAA3-42D5-B36C-CECBE08E301D}"
EndProject
Global
	GlobalSection(SolutionConfigurationPlatforms) = preSolution
		Debug|Any CPU = Debug|Any CPU
		Release|Any CPU = Release|Any CPU
	EndGlobalSection
	GlobalSection(ProjectConfigurationPlatforms) = postSolution
		{DAAB6E4E-EAA3-42D5-B36C-CECBE08E301D}.Debug|Any CPU.ActiveCfg = Debug|Any CPU
		{DAAB6E4E-EAA3-42D5-B36C-CECBE08E301D}.Debug|Any CPU.Build.0 = Debug|Any CPU
		{DAAB6E4E-EAA3-42D5-B36C-CECBE08E301D}.Release|Any CPU.ActiveCfg = Release|Any CPU
		{DAAB6E4E-EAA3-42D5-B36C-CECBE08E301D}.Release|Any CPU.Build.0 = Release|Any CPU
	EndGlobalSection
	GlobalSection(SolutionProperties) = preSolution
		HideSolutionNode = FALSE
	EndGlobalSection
	GlobalSection(ExtensibilityGlobals) = postSolution
		SolutionGuid = {9453474B-61AD-47C2-A452-0237A1ED9189}
	EndGlobalSection
EndGlobal
